// !$*UTF8*$!
{
	archiveVersion = 1;
	classes = {
	};
	objectVersion = 46;
	objects = {

/* Begin PBXBuildFile section */
		E2747C2E1C8805EB0096B2F3 /* main.m in Sources */ = {isa = PBXBuildFile; fileRef = E2747C2D1C8805EB0096B2F3 /* main.m */; };
		E2747C311C8805EB0096B2F3 /* AppDelegate.m in Sources */ = {isa = PBXBuildFile; fileRef = E2747C301C8805EB0096B2F3 /* AppDelegate.m */; };
		E2747C341C8805EB0096B2F3 /* ViewController.m in Sources */ = {isa = PBXBuildFile; fileRef = E2747C331C8805EB0096B2F3 /* ViewController.m */; };
		E2747C371C8805EB0096B2F3 /* Main.storyboard in Resources */ = {isa = PBXBuildFile; fileRef = E2747C351C8805EB0096B2F3 /* Main.storyboard */; };
		E2747C391C8805EB0096B2F3 /* Assets.xcassets in Resources */ = {isa = PBXBuildFile; fileRef = E2747C381C8805EB0096B2F3 /* Assets.xcassets */; };
		E2747C3C1C8805EB0096B2F3 /* LaunchScreen.storyboard in Resources */ = {isa = PBXBuildFile; fileRef = E2747C3A1C8805EB0096B2F3 /* LaunchScreen.storyboard */; };
		E2747C471C8805EB0096B2F3 /* PanGestureTests.m in Sources */ = {isa = PBXBuildFile; fileRef = E2747C461C8805EB0096B2F3 /* PanGestureTests.m */; };
		E2747C521C8805EB0096B2F3 /* PanGestureUITests.m in Sources */ = {isa = PBXBuildFile; fileRef = E2747C511C8805EB0096B2F3 /* PanGestureUITests.m */; };
		E2747C611C88064A0096B2F3 /* SignatureView.m in Sources */ = {isa = PBXBuildFile; fileRef = E2747C601C88064A0096B2F3 /* SignatureView.m */; };
		E2747C641C880F4E0096B2F3 /* SecondViewController.m in Sources */ = {isa = PBXBuildFile; fileRef = E2747C631C880F4E0096B2F3 /* SecondViewController.m */; };
/* End PBXBuildFile section */

/* Begin PBXContainerItemProxy section */
		E2747C431C8805EB0096B2F3 /* PBXContainerItemProxy */ = {
			isa = PBXContainerItemProxy;
			containerPortal = E2747C211C8805EA0096B2F3 /* Project object */;
			proxyType = 1;
			remoteGlobalIDString = E2747C281C8805EB0096B2F3;
			remoteInfo = PanGesture;
		};
		E2747C4E1C8805EB0096B2F3 /* PBXContainerItemProxy */ = {
			isa = PBXContainerItemProxy;
			containerPortal = E2747C211C8805EA0096B2F3 /* Project object */;
			proxyType = 1;
			remoteGlobalIDString = E2747C281C8805EB0096B2F3;
			remoteInfo = PanGesture;
		};
/* End PBXContainerItemProxy section */

/* Begin PBXFileReference section */
		E2747C291C8805EB0096B2F3 /* PanGesture.app */ = {isa = PBXFileReference; explicitFileType = wrapper.application; includeInIndex = 0; path = PanGesture.app; sourceTree = BUILT_PRODUCTS_DIR; };
		E2747C2D1C8805EB0096B2F3 /* main.m */ = {isa = PBXFileReference; lastKnownFileType = sourcecode.c.objc; path = main.m; sourceTree = "<group>"; };
		E2747C2F1C8805EB0096B2F3 /* AppDelegate.h */ = {isa = PBXFileReference; lastKnownFileType = sourcecode.c.h; path = AppDelegate.h; sourceTree = "<group>"; };
		E2747C301C8805EB0096B2F3 /* AppDelegate.m */ = {isa = PBXFileReference; lastKnownFileType = sourcecode.c.objc; path = AppDelegate.m; sourceTree = "<group>"; };
		E2747C321C8805EB0096B2F3 /* ViewController.h */ = {isa = PBXFileReference; lastKnownFileType = sourcecode.c.h; path = ViewController.h; sourceTree = "<group>"; };
		E2747C331C8805EB0096B2F3 /* ViewController.m */ = {isa = PBXFileReference; lastKnownFileType = sourcecode.c.objc; path = ViewController.m; sourceTree = "<group>"; };
		E2747C361C8805EB0096B2F3 /* Base */ = {isa = PBXFileReference; lastKnownFileType = file.storyboard; name = Base; path = Base.lproj/Main.storyboard; sourceTree = "<group>"; };
		E2747C381C8805EB0096B2F3 /* Assets.xcassets */ = {isa = PBXFileReference; lastKnownFileType = folder.assetcatalog; path = Assets.xcassets; sourceTree = "<group>"; };
		E2747C3B1C8805EB0096B2F3 /* Base */ = {isa = PBXFileReference; lastKnownFileType = file.storyboard; name = Base; path = Base.lproj/LaunchScreen.storyboard; sourceTree = "<group>"; };
		E2747C3D1C8805EB0096B2F3 /* Info.plist */ = {isa = PBXFileReference; lastKnownFileType = text.plist.xml; path = Info.plist; sourceTree = "<group>"; };
		E2747C421C8805EB0096B2F3 /* PanGestureTests.xctest */ = {isa = PBXFileReference; explicitFileType = wrapper.cfbundle; includeInIndex = 0; path = PanGestureTests.xctest; sourceTree = BUILT_PRODUCTS_DIR; };
		E2747C461C8805EB0096B2F3 /* PanGestureTests.m */ = {isa = PBXFileReference; lastKnownFileType = sourcecode.c.objc; path = PanGestureTests.m; sourceTree = "<group>"; };
		E2747C481C8805EB0096B2F3 /* Info.plist */ = {isa = PBXFileReference; lastKnownFileType = text.plist.xml; path = Info.plist; sourceTree = "<group>"; };
		E2747C4D1C8805EB0096B2F3 /* PanGestureUITests.xctest */ = {isa = PBXFileReference; explicitFileType = wrapper.cfbundle; includeInIndex = 0; path = PanGestureUITests.xctest; sourceTree = BUILT_PRODUCTS_DIR; };
		E2747C511C8805EB0096B2F3 /* PanGestureUITests.m */ = {isa = PBXFileReference; lastKnownFileType = sourcecode.c.objc; path = PanGestureUITests.m; sourceTree = "<group>"; };
		E2747C531C8805EB0096B2F3 /* Info.plist */ = {isa = PBXFileReference; lastKnownFileType = text.plist.xml; path = Info.plist; sourceTree = "<group>"; };
		E2747C5F1C88064A0096B2F3 /* SignatureView.h */ = {isa = PBXFileReference; fileEncoding = 4; lastKnownFileType = sourcecode.c.h; path = SignatureView.h; sourceTree = "<group>"; };
		E2747C601C88064A0096B2F3 /* SignatureView.m */ = {isa = PBXFileReference; fileEncoding = 4; lastKnownFileType = sourcecode.c.objc; path = SignatureView.m; sourceTree = "<group>"; };
		E2747C621C880F4E0096B2F3 /* SecondViewController.h */ = {isa = PBXFileReference; fileEncoding = 4; lastKnownFileType = sourcecode.c.h; path = SecondViewController.h; sourceTree = "<group>"; };
		E2747C631C880F4E0096B2F3 /* SecondViewController.m */ = {isa = PBXFileReference; fileEncoding = 4; lastKnownFileType = sourcecode.c.objc; path = SecondViewController.m; sourceTree = "<group>"; };
/* End PBXFileReference section */

/* Begin PBXFrameworksBuildPhase section */
		E2747C261C8805EB0096B2F3 /* Frameworks */ = {
			isa = PBXFrameworksBuildPhase;
			buildActionMask = 2147483647;
			files = (
			);
			runOnlyForDeploymentPostprocessing = 0;
		};
		E2747C3F1C8805EB0096B2F3 /* Frameworks */ = {
			isa = PBXFrameworksBuildPhase;
			buildActionMask = 2147483647;
			files = (
			);
			runOnlyForDeploymentPostprocessing = 0;
		};
		E2747C4A1C8805EB0096B2F3 /* Frameworks */ = {
			isa = PBXFrameworksBuildPhase;
			buildActionMask = 2147483647;
			files = (
			);
			runOnlyForDeploymentPostprocessing = 0;
		};
/* End PBXFrameworksBuildPhase section */

/* Begin PBXGroup section */
		E2747C201C8805EA0096B2F3 = {
			isa = PBXGroup;
			children = (
				E2747C2B1C8805EB0096B2F3 /* PanGesture */,
				E2747C451C8805EB0096B2F3 /* PanGestureTests */,
				E2747C501C8805EB0096B2F3 /* PanGestureUITests */,
				E2747C2A1C8805EB0096B2F3 /* Products */,
			);
			sourceTree = "<group>";
		};
		E2747C2A1C8805EB0096B2F3 /* Products */ = {
			isa = PBXGroup;
			children = (
				E2747C291C8805EB0096B2F3 /* PanGesture.app */,
				E2747C421C8805EB0096B2F3 /* PanGestureTests.xctest */,
				E2747C4D1C8805EB0096B2F3 /* PanGestureUITests.xctest */,
			);
			name = Products;
			sourceTree = "<group>";
		};
		E2747C2B1C8805EB0096B2F3 /* PanGesture */ = {
			isa = PBXGroup;
			children = (
				E2747C2F1C8805EB0096B2F3 /* AppDelegate.h */,
				E2747C301C8805EB0096B2F3 /* AppDelegate.m */,
				E2747C321C8805EB0096B2F3 /* ViewController.h */,
				E2747C331C8805EB0096B2F3 /* ViewController.m */,
				E2747C621C880F4E0096B2F3 /* SecondViewController.h */,
				E2747C631C880F4E0096B2F3 /* SecondViewController.m */,
				E2747C5F1C88064A0096B2F3 /* SignatureView.h */,
				E2747C601C88064A0096B2F3 /* SignatureView.m */,
				E2747C351C8805EB0096B2F3 /* Main.storyboard */,
				E2747C381C8805EB0096B2F3 /* Assets.xcassets */,
				E2747C3A1C8805EB0096B2F3 /* LaunchScreen.storyboard */,
				E2747C3D1C8805EB0096B2F3 /* Info.plist */,
				E2747C2C1C8805EB0096B2F3 /* Supporting Files */,
			);
			path = PanGesture;
			sourceTree = "<group>";
		};
		E2747C2C1C8805EB0096B2F3 /* Supporting Files */ = {
			isa = PBXGroup;
			children = (
				E2747C2D1C8805EB0096B2F3 /* main.m */,
			);
			name = "Supporting Files";
			sourceTree = "<group>";
		};
		E2747C451C8805EB0096B2F3 /* PanGestureTests */ = {
			isa = PBXGroup;
			children = (
				E2747C461C8805EB0096B2F3 /* PanGestureTests.m */,
				E2747C481C8805EB0096B2F3 /* Info.plist */,
			);
			path = PanGestureTests;
			sourceTree = "<group>";
		};
		E2747C501C8805EB0096B2F3 /* PanGestureUITests */ = {
			isa = PBXGroup;
			children = (
				E2747C511C8805EB0096B2F3 /* PanGestureUITests.m */,
				E2747C531C8805EB0096B2F3 /* Info.plist */,
			);
			path = PanGestureUITests;
			sourceTree = "<group>";
		};
/* End PBXGroup section */

/* Begin PBXNativeTarget section */
		E2747C281C8805EB0096B2F3 /* PanGesture */ = {
			isa = PBXNativeTarget;
			buildConfigurationList = E2747C561C8805EB0096B2F3 /* Build configuration list for PBXNativeTarget "PanGesture" */;
			buildPhases = (
				E2747C251C8805EB0096B2F3 /* Sources */,
				E2747C261C8805EB0096B2F3 /* Frameworks */,
				E2747C271C8805EB0096B2F3 /* Resources */,
			);
			buildRules = (
			);
			dependencies = (
			);
			name = PanGesture;
			productName = PanGesture;
			productReference = E2747C291C8805EB0096B2F3 /* PanGesture.app */;
			productType = "com.apple.product-type.application";
		};
		E2747C411C8805EB0096B2F3 /* PanGestureTests */ = {
			isa = PBXNativeTarget;
			buildConfigurationList = E2747C591C8805EB0096B2F3 /* Build configuration list for PBXNativeTarget "PanGestureTests" */;
			buildPhases = (
				E2747C3E1C8805EB0096B2F3 /* Sources */,
				E2747C3F1C8805EB0096B2F3 /* Frameworks */,
				E2747C401C8805EB0096B2F3 /* Resources */,
			);
			buildRules = (
			);
			dependencies = (
				E2747C441C8805EB0096B2F3 /* PBXTargetDependency */,
			);
			name = PanGestureTests;
			productName = PanGestureTests;
			productReference = E2747C421C8805EB0096B2F3 /* PanGestureTests.xctest */;
			productType = "com.apple.product-type.bundle.unit-test";
		};
		E2747C4C1C8805EB0096B2F3 /* PanGestureUITests */ = {
			isa = PBXNativeTarget;
			buildConfigurationList = E2747C5C1C8805EB0096B2F3 /* Build configuration list for PBXNativeTarget "PanGestureUITests" */;
			buildPhases = (
				E2747C491C8805EB0096B2F3 /* Sources */,
				E2747C4A1C8805EB0096B2F3 /* Frameworks */,
				E2747C4B1C8805EB0096B2F3 /* Resources */,
			);
			buildRules = (
			);
			dependencies = (
				E2747C4F1C8805EB0096B2F3 /* PBXTargetDependency */,
			);
			name = PanGestureUITests;
			productName = PanGestureUITests;
			productReference = E2747C4D1C8805EB0096B2F3 /* PanGestureUITests.xctest */;
			productType = "com.apple.product-type.bundle.ui-testing";
		};
/* End PBXNativeTarget section */

/* Begin PBXProject section */
		E2747C211C8805EA0096B2F3 /* Project object */ = {
			isa = PBXProject;
			attributes = {
				LastUpgradeCheck = 0720;
				ORGANIZATIONNAME = "张昭";
				TargetAttributes = {
					E2747C281C8805EB0096B2F3 = {
						CreatedOnToolsVersion = 7.2.1;
						DevelopmentTeam = A8C9FV72JV;
					};
					E2747C411C8805EB0096B2F3 = {
						CreatedOnToolsVersion = 7.2.1;
						DevelopmentTeam = A8C9FV72JV;
						TestTargetID = E2747C281C8805EB0096B2F3;
					};
					E2747C4C1C8805EB0096B2F3 = {
						CreatedOnToolsVersion = 7.2.1;
						DevelopmentTeam = A8C9FV72JV;
						TestTargetID = E2747C281C8805EB0096B2F3;
					};
				};
			};
			buildConfigurationList = E2747C241C8805EA0096B2F3 /* Build configuration list for PBXProject "PanGesture" */;
			compatibilityVersion = "Xcode 3.2";
			developmentRegion = English;
			hasScannedForEncodings = 0;
			knownRegions = (
				en,
				Base,
			);
			mainGroup = E2747C201C8805EA0096B2F3;
			productRefGroup = E2747C2A1C8805EB0096B2F3 /* Products */;
			projectDirPath = "";
			projectRoot = "";
			targets = (
				E2747C281C8805EB0096B2F3 /* PanGesture */,
				E2747C411C8805EB0096B2F3 /* PanGestureTests */,
				E2747C4C1C8805EB0096B2F3 /* PanGestureUITests */,
			);
		};
/* End PBXProject section */

/* Begin PBXResourcesBuildPhase section */
		E2747C271C8805EB0096B2F3 /* Resources */ = {
			isa = PBXResourcesBuildPhase;
			buildActionMask = 2147483647;
			files = (
				E2747C3C1C8805EB0096B2F3 /* LaunchScreen.storyboard in Resources */,
				E2747C391C8805EB0096B2F3 /* Assets.xcassets in Resources */,
				E2747C371C8805EB0096B2F3 /* Main.storyboard in Resources */,
			);
			runOnlyForDeploymentPostprocessing = 0;
		};
		E2747C401C8805EB0096B2F3 /* Resources */ = {
			isa = PBXResourcesBuildPhase;
			buildActionMask = 2147483647;
			files = (
			);
			runOnlyForDeploymentPostprocessing = 0;
		};
		E2747C4B1C8805EB0096B2F3 /* Resources */ = {
			isa = PBXResourcesBuildPhase;
			buildActionMask = 2147483647;
			files = (
			);
			runOnlyForDeploymentPostprocessing = 0;
		};
/* End PBXResourcesBuildPhase section */

/* Begin PBXSourcesBuildPhase section */
		E2747C251C8805EB0096B2F3 /* Sources */ = {
			isa = PBXSourcesBuildPhase;
			buildActionMask = 2147483647;
			files = (
				E2747C641C880F4E0096B2F3 /* SecondViewController.m in Sources */,
				E2747C341C8805EB0096B2F3 /* ViewController.m in Sources */,
				E2747C311C8805EB0096B2F3 /* AppDelegate.m in Sources */,
				E2747C2E1C8805EB0096B2F3 /* main.m in Sources */,
				E2747C611C88064A0096B2F3 /* SignatureView.m in Sources */,
			);
			runOnlyForDeploymentPostprocessing = 0;
		};
		E2747C3E1C8805EB0096B2F3 /* Sources */ = {
			isa = PBXSourcesBuildPhase;
			buildActionMask = 2147483647;
			files = (
				E2747C471C8805EB0096B2F3 /* PanGestureTests.m in Sources */,
			);
			runOnlyForDeploymentPostprocessing = 0;
		};
		E2747C491C8805EB0096B2F3 /* Sources */ = {
			isa = PBXSourcesBuildPhase;
			buildActionMask = 2147483647;
			files = (
				E2747C521C8805EB0096B2F3 /* PanGestureUITests.m in Sources */,
			);
			runOnlyForDeploymentPostprocessing = 0;
		};
/* End PBXSourcesBuildPhase section */

/* Begin PBXTargetDependency section */
		E2747C441C8805EB0096B2F3 /* PBXTargetDependency */ = {
			isa = PBXTargetDependency;
			target = E2747C281C8805EB0096B2F3 /* PanGesture */;
			targetProxy = E2747C431C8805EB0096B2F3 /* PBXContainerItemProxy */;
		};
		E2747C4F1C8805EB0096B2F3 /* PBXTargetDependency */ = {
			isa = PBXTargetDependency;
			target = E2747C281C8805EB0096B2F3 /* PanGesture */;
			targetProxy = E2747C4E1C8805EB0096B2F3 /* PBXContainerItemProxy */;
		};
/* End PBXTargetDependency section */

/* Begin PBXVariantGroup section */
		E2747C351C8805EB0096B2F3 /* Main.storyboard */ = {
			isa = PBXVariantGroup;
			children = (
				E2747C361C8805EB0096B2F3 /* Base */,
			);
			name = Main.storyboard;
			sourceTree = "<group>";
		};
		E2747C3A1C8805EB0096B2F3 /* LaunchScreen.storyboard */ = {
			isa = PBXVariantGroup;
			children = (
				E2747C3B1C8805EB0096B2F3 /* Base */,
			);
			name = LaunchScreen.storyboard;
			sourceTree = "<group>";
		};
/* End PBXVariantGroup section */

/* Begin XCBuildConfiguration section */
		E2747C541C8805EB0096B2F3 /* Debug */ = {
			isa = XCBuildConfiguration;
			buildSettings = {
				ALWAYS_SEARCH_USER_PATHS = NO;
				CLANG_CXX_LANGUAGE_STANDARD = "gnu++0x";
				CLANG_CXX_LIBRARY = "libc++";
				CLANG_ENABLE_MODULES = YES;
				CLANG_ENABLE_OBJC_ARC = YES;
				CLANG_WARN_BOOL_CONVERSION = YES;
				CLANG_WARN_CONSTANT_CONVERSION = YES;
				CLANG_WARN_DIRECT_OBJC_ISA_USAGE = YES_ERROR;
				CLANG_WARN_EMPTY_BODY = YES;
				CLANG_WARN_ENUM_CONVERSION = YES;
				CLANG_WARN_INT_CONVERSION = YES;
				CLANG_WARN_OBJC_ROOT_CLASS = YES_ERROR;
				CLANG_WARN_UNREACHABLE_CODE = YES;
				CLANG_WARN__DUPLICATE_METHOD_MATCH = YES;
				"CODE_SIGN_IDENTITY[sdk=iphoneos*]" = "iPhone Developer";
				COPY_PHASE_STRIP = NO;
				DEBUG_INFORMATION_FORMAT = dwarf;
				ENABLE_STRICT_OBJC_MSGSEND = YES;
				ENABLE_TESTABILITY = YES;
				GCC_C_LANGUAGE_STANDARD = gnu99;
				GCC_DYNAMIC_NO_PIC = NO;
				GCC_NO_COMMON_BLOCKS = YES;
				GCC_OPTIMIZATION_LEVEL = 0;
				GCC_PREPROCESSOR_DEFINITIONS = (
					"DEBUG=1",
					"$(inherited)",
				);
				GCC_WARN_64_TO_32_BIT_CONVERSION = YES;
				GCC_WARN_ABOUT_RETURN_TYPE = YES_ERROR;
				GCC_WARN_UNDECLARED_SELECTOR = YES;
				GCC_WARN_UNINITIALIZED_AUTOS = YES_AGGRESSIVE;
				GCC_WARN_UNUSED_FUNCTION = YES;
				GCC_WARN_UNUSED_VARIABLE = YES;
				IPHONEOS_DEPLOYMENT_TARGET = 9.2;
				MTL_ENABLE_DEBUG_INFO = YES;
				ONLY_ACTIVE_ARCH = YES;
				SDKROOT = iphoneos;
			};
			name = Debug;
		};
		E2747C551C8805EB0096B2F3 /* Release */ = {
			isa = XCBuildConfiguration;
			buildSettings = {
				ALWAYS_SEARCH_USER_PATHS = NO;
				CLANG_CXX_LANGUAGE_STANDARD = "gnu++0x";
				CLANG_CXX_LIBRARY = "libc++";
				CLANG_ENABLE_MODULES = YES;
				CLANG_ENABLE_OBJC_ARC = YES;
				CLANG_WARN_BOOL_CONVERSION = YES;
				CLANG_WARN_CONSTANT_CONVERSION = YES;
				CLANG_WARN_DIRECT_OBJC_ISA_USAGE = YES_ERROR;
				CLANG_WARN_EMPTY_BODY = YES;
				CLANG_WARN_ENUM_CONVERSION = YES;
				CLANG_WARN_INT_CONVERSION = YES;
				CLANG_WARN_OBJC_ROOT_CLASS = YES_ERROR;
				CLANG_WARN_UNREACHABLE_CODE = YES;
				CLANG_WARN__DUPLICATE_METHOD_MATCH = YES;
				"CODE_SIGN_IDENTITY[sdk=iphoneos*]" = "iPhone Developer";
				COPY_PHASE_STRIP = NO;
				DEBUG_INFORMATION_FORMAT = "dwarf-with-dsym";
				ENABLE_NS_ASSERTIONS = NO;
				ENABLE_STRICT_OBJC_MSGSEND = YES;
				GCC_C_LANGUAGE_STANDARD = gnu99;
				GCC_NO_COMMON_BLOCKS = YES;
				GCC_WARN_64_TO_32_BIT_CONVERSION = YES;
				GCC_WARN_ABOUT_RETURN_TYPE = YES_ERROR;
				GCC_WARN_UNDECLARED_SELECTOR = YES;
				GCC_WARN_UNINITIALIZED_AUTOS = YES_AGGRESSIVE;
				GCC_WARN_UNUSED_FUNCTION = YES;
				GCC_WARN_UNUSED_VARIABLE = YES;
				IPHONEOS_DEPLOYMENT_TARGET = 9.2;
				MTL_ENABLE_DEBUG_INFO = NO;
				SDKROOT = iphoneos;
				VALIDATE_PRODUCT = YES;
			};
			name = Release;
		};
		E2747C571C8805EB0096B2F3 /* Debug */ = {
			isa = XCBuildConfiguration;
			buildSettings = {
				ASSETCATALOG_COMPILER_APPICON_NAME = AppIcon;
				INFOPLIST_FILE = PanGesture/Info.plist;
				LD_RUNPATH_SEARCH_PATHS = "$(inherited) @executable_path/Frameworks";
				PRODUCT_BUNDLE_IDENTIFIER = zhangzhao.PanGesture;
				PRODUCT_NAME = "$(TARGET_NAME)";
			};
			name = Debug;
		};
		E2747C581C8805EB0096B2F3 /* Release */ = {
			isa = XCBuildConfiguration;
			buildSettings = {
				ASSETCATALOG_COMPILER_APPICON_NAME = AppIcon;
				INFOPLIST_FILE = PanGesture/Info.plist;
				LD_RUNPATH_SEARCH_PATHS = "$(inherited) @executable_path/Frameworks";
				PRODUCT_BUNDLE_IDENTIFIER = zhangzhao.PanGesture;
				PRODUCT_NAME = "$(TARGET_NAME)";
			};
			name = Release;
		};
		E2747C5A1C8805EB0096B2F3 /* Debug */ = {
			isa = XCBuildConfiguration;
			buildSettings = {
				BUNDLE_LOADER = "$(TEST_HOST)";
				INFOPLIST_FILE = PanGestureTests/Info.plist;
				LD_RUNPATH_SEARCH_PATHS = "$(inherited) @executable_path/Frameworks @loader_path/Frameworks";
				PRODUCT_BUNDLE_IDENTIFIER = zhangzhao.PanGestureTests;
				PRODUCT_NAME = "$(TARGET_NAME)";
				TEST_HOST = "$(BUILT_PRODUCTS_DIR)/PanGesture.app/PanGesture";
			};
			name = Debug;
		};
		E2747C5B1C8805EB0096B2F3 /* Release */ = {
			isa = XCBuildConfiguration;
			buildSettings = {
				BUNDLE_LOADER = "$(TEST_HOST)";
				INFOPLIST_FILE = PanGestureTests/Info.plist;
				LD_RUNPATH_SEARCH_PATHS = "$(inherited) @executable_path/Frameworks @loader_path/Frameworks";
				PRODUCT_BUNDLE_IDENTIFIER = zhangzhao.PanGestureTests;
				PRODUCT_NAME = "$(TARGET_NAME)";
				TEST_HOST = "$(BUILT_PRODUCTS_DIR)/PanGesture.app/PanGesture";
			};
			name = Release;
		};
		E2747C5D1C8805EB0096B2F3 /* Debug */ = {
			isa = XCBuildConfiguration;
			buildSettings = {
				INFOPLIST_FILE = PanGestureUITests/Info.plist;
				LD_RUNPATH_SEARCH_PATHS = "$(inherited) @executable_path/Frameworks @loader_path/Frameworks";
				PRODUCT_BUNDLE_IDENTIFIER = zhangzhao.PanGestureUITests;
				PRODUCT_NAME = "$(TARGET_NAME)";
				TEST_TARGET_NAME = PanGesture;
				USES_XCTRUNNER = YES;
			};
			name = Debug;
		};
		E2747C5E1C8805EB0096B2F3 /* Release */ = {
			isa = XCBuildConfiguration;
			buildSettings = {
				INFOPLIST_FILE = PanGestureUITests/Info.plist;
				LD_RUNPATH_SEARCH_PATHS = "$(inherited) @executable_path/Frameworks @loader_path/Frameworks";
				PRODUCT_BUNDLE_IDENTIFIER = zhangzhao.PanGestureUITests;
				PRODUCT_NAME = "$(TARGET_NAME)";
				TEST_TARGET_NAME = PanGesture;
				USES_XCTRUNNER = YES;
			};
			name = Release;
		};
/* End XCBuildConfiguration section */

/* Begin XCConfigurationList section */
		E2747C241C8805EA0096B2F3 /* Build configuration list for PBXProject "PanGesture" */ = {
			isa = XCConfigurationList;
			buildConfigurations = (
				E2747C541C8805EB0096B2F3 /* Debug */,
				E2747C551C8805EB0096B2F3 /* Release */,
			);
			defaultConfigurationIsVisible = 0;
			defaultConfigurationName = Release;
		};
		E2747C561C8805EB0096B2F3 /* Build configuration list for PBXNativeTarget "PanGesture" */ = {
			isa = XCConfigurationList;
			buildConfigurations = (
				E2747C571C8805EB0096B2F3 /* Debug */,
				E2747C581C8805EB0096B2F3 /* Release */,
			);
			defaultConfigurationIsVisible = 0;
		};
		E2747C591C8805EB0096B2F3 /* Build configuration list for PBXNativeTarget "PanGestureTests" */ = {
			isa = XCConfigurationList;
			buildConfigurations = (
				E2747C5A1C8805EB0096B2F3 /* Debug */,
				E2747C5B1C8805EB0096B2F3 /* Release */,
			);
			defaultConfigurationIsVisible = 0;
		};
		E2747C5C1C8805EB0096B2F3 /* Build configuration list for PBXNativeTarget "PanGestureUITests" */ = {
			isa = XCConfigurationList;
			buildConfigurations = (
				E2747C5D1C8805EB0096B2F3 /* Debug */,
				E2747C5E1C8805EB0096B2F3 /* Release */,
			);
			defaultConfigurationIsVisible = 0;
		};
/* End XCConfigurationList section */
	};
	rootObject = E2747C211C8805EA0096B2F3 /* Project object */;
}
